
Microsoft Visual Studio Solution File, Format Version 12.00
# Visual Studio Version 16
VisualStudioVersion = 16.0.30517.126
MinimumVisualStudioVersion = 10.0.40219.1
Project("{9A19103F-16F7-4668-BE54-9A1E7A4F7556}") = "LogIn", "LogIn.csproj", "{6262D520-6B73-4F46-8EE3-79F7C63025D2}"
EndProject
Global
	GlobalSection(SolutionConfigurationPlatforms) = preSolution
		Debug|Any CPU = Debug|Any CPU
		Release|Any CPU = Release|Any CPU
	EndGlobalSection
	GlobalSection(ProjectConfigurationPlatforms) = postSolution
		{6262D520-6B73-4F46-8EE3-79F7C63025D2}.Debug|Any CPU.ActiveCfg = Debug|Any CPU
		{6262D520-6B73-4F46-8EE3-79F7C63025D2}.Debug|Any CPU.Build.0 = Debug|Any CPU
		{6262D520-6B73-4F46-8EE3-79F7C63025D2}.Release|Any CPU.ActiveCfg = Release|Any CPU
		{6262D520-6B73-4F46-8EE3-79F7C63025D2}.Release|Any CPU.Build.0 = Release|Any CPU
	EndGlobalSection
	GlobalSection(SolutionProperties) = preSolution
		HideSolutionNode = FALSE
	EndGlobalSection
	GlobalSection(ExtensibilityGlobals) = postSolution
		SolutionGuid = {7B428287-0154-4B08-BFC4-763D37665401}
	EndGlobalSection
EndGlobal
